
Microsoft Visual Studio Solution File, Format Version 12.00
Project("{FAE04EC0-301F-11D3-BF4B-00C04F79EFBC}") = "SchoolManagementSystem.Web", "SchoolManagementSystem.Web\SchoolManagementSystem.Web.csproj", "{6CDA225A-E89E-438E-BF6A-D1D390091382}"
EndProject
Project("{FAE04EC0-301F-11D3-BF4B-00C04F79EFBC}") = "SchoolManagementSystem.Data", "SchoolManagementSystem.Data\SchoolManagementSystem.Data.csproj", "{7041F520-4BED-49C5-8D67-4D3F0E22BBA0}"
EndProject
Project("{FAE04EC0-301F-11D3-BF4B-00C04F79EFBC}") = "SchoolManagementSystem.Services", "SchoolManagementSystem.Services\SchoolManagementSystem.Services.csproj", "{E71D91DD-215B-4849-9A33-84CA3677CA00}"
EndProject
Project("{FAE04EC0-301F-11D3-BF4B-00C04F79EFBC}") = "SchoolManagementSystem.Common", "SchoolManagementSystem.Common\SchoolManagementSystem.Common.csproj", "{6E52F2DC-C07D-461A-9793-9A2C231D6A99}"
EndProject
Project("{FAE04EC0-301F-11D3-BF4B-00C04F79EFBC}") = "SchoolManagementSystem.Data.Models", "SchoolManagementSystem.Data.Models\SchoolManagementSystem.Data.Models.csproj", "{E46564F3-1D26-4B73-A9F3-94E76A5DC283}"
EndProject
Project("{FAE04EC0-301F-11D3-BF4B-00C04F79EFBC}") = "SchoolManagementSystem.Web.ViewModels", "SchoolManagementSystem.Web.ViewModels\SchoolManagementSystem.Web.ViewModels.csproj", "{BE245B7E-F88E-48C9-80CC-F854C74C60F5}"
EndProject
Project("{FAE04EC0-301F-11D3-BF4B-00C04F79EFBC}") = "SchoolManagementSystem.Tests", "SchoolManagementSystem.Tests\SchoolManagementSystem.Tests.csproj", "{B76CE0B2-A182-4178-9A4C-B96E974AF4B0}"
EndProject
Global
	GlobalSection(SolutionConfigurationPlatforms) = preSolution
		Debug|Any CPU = Debug|Any CPU
		Release|Any CPU = Release|Any CPU
	EndGlobalSection
	GlobalSection(ProjectConfigurationPlatforms) = postSolution
		{6CDA225A-E89E-438E-BF6A-D1D390091382}.Debug|Any CPU.ActiveCfg = Debug|Any CPU
		{6CDA225A-E89E-438E-BF6A-D1D390091382}.Debug|Any CPU.Build.0 = Debug|Any CPU
		{6CDA225A-E89E-438E-BF6A-D1D390091382}.Release|Any CPU.ActiveCfg = Release|Any CPU
		{6CDA225A-E89E-438E-BF6A-D1D390091382}.Release|Any CPU.Build.0 = Release|Any CPU
		{7041F520-4BED-49C5-8D67-4D3F0E22BBA0}.Debug|Any CPU.ActiveCfg = Debug|Any CPU
		{7041F520-4BED-49C5-8D67-4D3F0E22BBA0}.Debug|Any CPU.Build.0 = Debug|Any CPU
		{7041F520-4BED-49C5-8D67-4D3F0E22BBA0}.Release|Any CPU.ActiveCfg = Release|Any CPU
		{7041F520-4BED-49C5-8D67-4D3F0E22BBA0}.Release|Any CPU.Build.0 = Release|Any CPU
		{E71D91DD-215B-4849-9A33-84CA3677CA00}.Debug|Any CPU.ActiveCfg = Debug|Any CPU
		{E71D91DD-215B-4849-9A33-84CA3677CA00}.Debug|Any CPU.Build.0 = Debug|Any CPU
		{E71D91DD-215B-4849-9A33-84CA3677CA00}.Release|Any CPU.ActiveCfg = Release|Any CPU
		{E71D91DD-215B-4849-9A33-84CA3677CA00}.Release|Any CPU.Build.0 = Release|Any CPU
		{6E52F2DC-C07D-461A-9793-9A2C231D6A99}.Debug|Any CPU.ActiveCfg = Debug|Any CPU
		{6E52F2DC-C07D-461A-9793-9A2C231D6A99}.Debug|Any CPU.Build.0 = Debug|Any CPU
		{6E52F2DC-C07D-461A-9793-9A2C231D6A99}.Release|Any CPU.ActiveCfg = Release|Any CPU
		{6E52F2DC-C07D-461A-9793-9A2C231D6A99}.Release|Any CPU.Build.0 = Release|Any CPU
		{E46564F3-1D26-4B73-A9F3-94E76A5DC283}.Debug|Any CPU.ActiveCfg = Debug|Any CPU
		{E46564F3-1D26-4B73-A9F3-94E76A5DC283}.Debug|Any CPU.Build.0 = Debug|Any CPU
		{E46564F3-1D26-4B73-A9F3-94E76A5DC283}.Release|Any CPU.ActiveCfg = Release|Any CPU
		{E46564F3-1D26-4B73-A9F3-94E76A5DC283}.Release|Any CPU.Build.0 = Release|Any CPU
		{BE245B7E-F88E-48C9-80CC-F854C74C60F5}.Debug|Any CPU.ActiveCfg = Debug|Any CPU
		{BE245B7E-F88E-48C9-80CC-F854C74C60F5}.Debug|Any CPU.Build.0 = Debug|Any CPU
		{BE245B7E-F88E-48C9-80CC-F854C74C60F5}.Release|Any CPU.ActiveCfg = Release|Any CPU
		{BE245B7E-F88E-48C9-80CC-F854C74C60F5}.Release|Any CPU.Build.0 = Release|Any CPU
		{B76CE0B2-A182-4178-9A4C-B96E974AF4B0}.Debug|Any CPU.ActiveCfg = Debug|Any CPU
		{B76CE0B2-A182-4178-9A4C-B96E974AF4B0}.Debug|Any CPU.Build.0 = Debug|Any CPU
		{B76CE0B2-A182-4178-9A4C-B96E974AF4B0}.Release|Any CPU.ActiveCfg = Release|Any CPU
		{B76CE0B2-A182-4178-9A4C-B96E974AF4B0}.Release|Any CPU.Build.0 = Release|Any CPU
	EndGlobalSection
EndGlobal
